
Microsoft Visual Studio Solution File, Format Version 12.00
# Visual Studio Version 17
VisualStudioVersion = 17.11.35431.28
MinimumVisualStudioVersion = 10.0.40219.1
Project("{9A19103F-16F7-4668-BE54-9A1E7A4F7556}") = "mt_admin.Server", "mt_admin.Server\mt_admin.Server.csproj", "{5E4709C5-4EE6-4A04-91EB-5983D4D09A32}"
EndProject
Project("{54A90642-561A-4BB1-A94E-469ADEE60C69}") = "mt_admin.client", "mt_admin.client\mt_admin.client.esproj", "{DD4D4999-AB7F-4258-835F-68FD3034A9F6}"
EndProject
Project("{9A19103F-16F7-4668-BE54-9A1E7A4F7556}") = "DbAdmin", "DbAdmin\DbAdmin.csproj", "{8AD0A761-C505-4675-8EB1-5FB73EEC48C1}"
EndProject
Project("{9A19103F-16F7-4668-BE54-9A1E7A4F7556}") = "KuberAdmin", "KuberAdmin\KuberAdmin.csproj", "{5DEB03E6-22F6-4A54-960D-45A427A6E055}"
EndProject
Project("{E53339B2-1760-4266-BCC7-CA923CBCF16C}") = "docker-compose", "docker-compose.dcproj", "{3F0DCD6E-AB7B-4BE8-B5BF-5E12CBB1F328}"
EndProject
Project("{9A19103F-16F7-4668-BE54-9A1E7A4F7556}") = "KeycloakAdmin", "KeycloakAdmin\KeycloakAdmin.csproj", "{76FC220C-0D56-4362-A932-34E74BF09230}"
EndProject
Global
	GlobalSection(SolutionConfigurationPlatforms) = preSolution
		Debug|Any CPU = Debug|Any CPU
		Release|Any CPU = Release|Any CPU
	EndGlobalSection
	GlobalSection(ProjectConfigurationPlatforms) = postSolution
		{5E4709C5-4EE6-4A04-91EB-5983D4D09A32}.Debug|Any CPU.ActiveCfg = Debug|Any CPU
		{5E4709C5-4EE6-4A04-91EB-5983D4D09A32}.Debug|Any CPU.Build.0 = Debug|Any CPU
		{5E4709C5-4EE6-4A04-91EB-5983D4D09A32}.Release|Any CPU.ActiveCfg = Release|Any CPU
		{5E4709C5-4EE6-4A04-91EB-5983D4D09A32}.Release|Any CPU.Build.0 = Release|Any CPU
		{DD4D4999-AB7F-4258-835F-68FD3034A9F6}.Debug|Any CPU.ActiveCfg = Debug|Any CPU
		{DD4D4999-AB7F-4258-835F-68FD3034A9F6}.Debug|Any CPU.Build.0 = Debug|Any CPU
		{DD4D4999-AB7F-4258-835F-68FD3034A9F6}.Debug|Any CPU.Deploy.0 = Debug|Any CPU
		{DD4D4999-AB7F-4258-835F-68FD3034A9F6}.Release|Any CPU.ActiveCfg = Release|Any CPU
		{DD4D4999-AB7F-4258-835F-68FD3034A9F6}.Release|Any CPU.Build.0 = Release|Any CPU
		{DD4D4999-AB7F-4258-835F-68FD3034A9F6}.Release|Any CPU.Deploy.0 = Release|Any CPU
		{8AD0A761-C505-4675-8EB1-5FB73EEC48C1}.Debug|Any CPU.ActiveCfg = Debug|Any CPU
		{8AD0A761-C505-4675-8EB1-5FB73EEC48C1}.Debug|Any CPU.Build.0 = Debug|Any CPU
		{8AD0A761-C505-4675-8EB1-5FB73EEC48C1}.Release|Any CPU.ActiveCfg = Release|Any CPU
		{8AD0A761-C505-4675-8EB1-5FB73EEC48C1}.Release|Any CPU.Build.0 = Release|Any CPU
		{5DEB03E6-22F6-4A54-960D-45A427A6E055}.Debug|Any CPU.ActiveCfg = Debug|Any CPU
		{5DEB03E6-22F6-4A54-960D-45A427A6E055}.Debug|Any CPU.Build.0 = Debug|Any CPU
		{5DEB03E6-22F6-4A54-960D-45A427A6E055}.Release|Any CPU.ActiveCfg = Release|Any CPU
		{5DEB03E6-22F6-4A54-960D-45A427A6E055}.Release|Any CPU.Build.0 = Release|Any CPU
		{3F0DCD6E-AB7B-4BE8-B5BF-5E12CBB1F328}.Debug|Any CPU.ActiveCfg = Debug|Any CPU
		{3F0DCD6E-AB7B-4BE8-B5BF-5E12CBB1F328}.Debug|Any CPU.Build.0 = Debug|Any CPU
		{3F0DCD6E-AB7B-4BE8-B5BF-5E12CBB1F328}.Release|Any CPU.ActiveCfg = Release|Any CPU
		{3F0DCD6E-AB7B-4BE8-B5BF-5E12CBB1F328}.Release|Any CPU.Build.0 = Release|Any CPU
		{76FC220C-0D56-4362-A932-34E74BF09230}.Debug|Any CPU.ActiveCfg = Debug|Any CPU
		{76FC220C-0D56-4362-A932-34E74BF09230}.Debug|Any CPU.Build.0 = Debug|Any CPU
		{76FC220C-0D56-4362-A932-34E74BF09230}.Release|Any CPU.ActiveCfg = Release|Any CPU
		{76FC220C-0D56-4362-A932-34E74BF09230}.Release|Any CPU.Build.0 = Release|Any CPU
	EndGlobalSection
	GlobalSection(SolutionProperties) = preSolution
		HideSolutionNode = FALSE
	EndGlobalSection
	GlobalSection(ExtensibilityGlobals) = postSolution
		SolutionGuid = {78B5ABA0-8D19-4EED-93F2-0D8727C03488}
	EndGlobalSection
EndGlobal
